allOf:
- $ref: ../../models/FB2.0/_built-in-no-id.yaml
- properties:
    client:
      description: Reference to the file system client that holds the lock.
      readOnly: true
      allOf:
      - $ref: ../../models/FB2.0/_fixed-reference-no-id.yaml
    source:
      description: Reference to location where the path/inode can be found.
      readOnly: true
      allOf:
      - $ref: ../../models/FB2.0/_fixed-reference.yaml
    path:
      type: string
      readOnly: true
      description: Path to the file where the lock is found relative to `source`.
        If it is longer than 1023 characters, it will be truncated and only the last
        1023 characters will be returned. If multiple hard links exist to the file
        on which the lock is held, only one is returned. This field will be `null`
        if the path cannot be resolved.
    inode:
      type: integer
      readOnly: true
      description: The inode of the file where the lock is found relative to the specified
        `source`.
    range:
      type: object
      description: The range in bytes (`offset`, `length`) the lock covers within
        a file. If the lock reaches the end of the file, the `length` will be `null`.
        If the lock is set for the entire file, both `offset` and `length` will be
        `null`.
      properties:
        offset:
          type: integer
          readOnly: true
        length:
          type: integer
          readOnly: true
    created_at:
      type: integer
      format: int64
      description: Creation timestamp of the lock. Measured in milliseconds since
        the UNIX epoch.
    access_type:
      type: string
      readOnly: true
      description: Type of access the lock provides. Valid values are `shared`, `exclusive`
        and `no-access`.
    protocol:
      type: string
      readOnly: true
      description: The protocol utilized for obtaining and managing the lock. Valid
        values include `NLM`, `NFSv4.1` and `SMB`.
